
Microsoft Visual Studio Solution File, Format Version 12.00
# Visual Studio Version 17
VisualStudioVersion = 17.12.35707.178
MinimumVisualStudioVersion = 10.0.40219.1
Project("{FAE04EC0-301F-11D3-BF4B-00C04F79EFBC}") = "Arrays", "Arrays\Arrays.csproj", "{D036801A-3B62-4F72-829F-D5D4EE5A334E}"
EndProject
Project("{FAE04EC0-301F-11D3-BF4B-00C04F79EFBC}") = "BinarySearch", "Binary Search\BinarySearch\BinarySearch.csproj", "{400E0DCD-1376-470E-938B-2987409A1EBA}"
EndProject
Project("{FAE04EC0-301F-11D3-BF4B-00C04F79EFBC}") = "HashTable", "Hash Table\HashTable\HashTable.csproj", "{D8A44506-D878-432D-8032-89E390B40CF9}"
EndProject
Project("{FAE04EC0-301F-11D3-BF4B-00C04F79EFBC}") = "Linked List", "Linked List\Linked List\Linked List.csproj", "{92567A18-777A-450E-83D6-4893F9A99AF7}"
EndProject
Project("{FAE04EC0-301F-11D3-BF4B-00C04F79EFBC}") = "Design", "Design\Design.csproj", "{CCF500D2-EF48-44F4-9669-C0836251238D}"
EndProject
Global
	GlobalSection(SolutionConfigurationPlatforms) = preSolution
		Debug|Any CPU = Debug|Any CPU
		Release|Any CPU = Release|Any CPU
	EndGlobalSection
	GlobalSection(ProjectConfigurationPlatforms) = postSolution
		{D036801A-3B62-4F72-829F-D5D4EE5A334E}.Debug|Any CPU.ActiveCfg = Debug|Any CPU
		{D036801A-3B62-4F72-829F-D5D4EE5A334E}.Debug|Any CPU.Build.0 = Debug|Any CPU
		{D036801A-3B62-4F72-829F-D5D4EE5A334E}.Release|Any CPU.ActiveCfg = Release|Any CPU
		{D036801A-3B62-4F72-829F-D5D4EE5A334E}.Release|Any CPU.Build.0 = Release|Any CPU
		{400E0DCD-1376-470E-938B-2987409A1EBA}.Debug|Any CPU.ActiveCfg = Debug|Any CPU
		{400E0DCD-1376-470E-938B-2987409A1EBA}.Debug|Any CPU.Build.0 = Debug|Any CPU
		{400E0DCD-1376-470E-938B-2987409A1EBA}.Release|Any CPU.ActiveCfg = Release|Any CPU
		{400E0DCD-1376-470E-938B-2987409A1EBA}.Release|Any CPU.Build.0 = Release|Any CPU
		{D8A44506-D878-432D-8032-89E390B40CF9}.Debug|Any CPU.ActiveCfg = Debug|Any CPU
		{D8A44506-D878-432D-8032-89E390B40CF9}.Debug|Any CPU.Build.0 = Debug|Any CPU
		{D8A44506-D878-432D-8032-89E390B40CF9}.Release|Any CPU.ActiveCfg = Release|Any CPU
		{D8A44506-D878-432D-8032-89E390B40CF9}.Release|Any CPU.Build.0 = Release|Any CPU
		{92567A18-777A-450E-83D6-4893F9A99AF7}.Debug|Any CPU.ActiveCfg = Debug|Any CPU
		{92567A18-777A-450E-83D6-4893F9A99AF7}.Debug|Any CPU.Build.0 = Debug|Any CPU
		{92567A18-777A-450E-83D6-4893F9A99AF7}.Release|Any CPU.ActiveCfg = Release|Any CPU
		{92567A18-777A-450E-83D6-4893F9A99AF7}.Release|Any CPU.Build.0 = Release|Any CPU
		{CCF500D2-EF48-44F4-9669-C0836251238D}.Debug|Any CPU.ActiveCfg = Debug|Any CPU
		{CCF500D2-EF48-44F4-9669-C0836251238D}.Debug|Any CPU.Build.0 = Debug|Any CPU
		{CCF500D2-EF48-44F4-9669-C0836251238D}.Release|Any CPU.ActiveCfg = Release|Any CPU
		{CCF500D2-EF48-44F4-9669-C0836251238D}.Release|Any CPU.Build.0 = Release|Any CPU
	EndGlobalSection
	GlobalSection(SolutionProperties) = preSolution
		HideSolutionNode = FALSE
	EndGlobalSection
	GlobalSection(ExtensibilityGlobals) = postSolution
		SolutionGuid = {2CE6AF6B-558D-4A40-BA7B-B4D71A2BEC25}
	EndGlobalSection
EndGlobal
